
Microsoft Visual Studio Solution File, Format Version 12.00
# Visual Studio Version 17
VisualStudioVersion = 17.14.36414.22 d17.14
MinimumVisualStudioVersion = 10.0.40219.1
Project("{FAE04EC0-301F-11D3-BF4B-00C04F79EFBC}") = "project_10_1_petle", "project_10_1_petle.csproj", "{7DE2311B-64E9-4409-A330-950A3C6DE27A}"
EndProject
Global
	GlobalSection(SolutionConfigurationPlatforms) = preSolution
		Debug|Any CPU = Debug|Any CPU
		Release|Any CPU = Release|Any CPU
	EndGlobalSection
	GlobalSection(ProjectConfigurationPlatforms) = postSolution
		{7DE2311B-64E9-4409-A330-950A3C6DE27A}.Debug|Any CPU.ActiveCfg = Debug|Any CPU
		{7DE2311B-64E9-4409-A330-950A3C6DE27A}.Debug|Any CPU.Build.0 = Debug|Any CPU
		{7DE2311B-64E9-4409-A330-950A3C6DE27A}.Release|Any CPU.ActiveCfg = Release|Any CPU
		{7DE2311B-64E9-4409-A330-950A3C6DE27A}.Release|Any CPU.Build.0 = Release|Any CPU
	EndGlobalSection
	GlobalSection(SolutionProperties) = preSolution
		HideSolutionNode = FALSE
	EndGlobalSection
	GlobalSection(ExtensibilityGlobals) = postSolution
		SolutionGuid = {5D7C534C-B4D2-4CA1-B33D-CD5100A01937}
	EndGlobalSection
EndGlobal
