
Microsoft Visual Studio Solution File, Format Version 12.00
# Visual Studio Version 17
VisualStudioVersion = 17.0.31903.59
MinimumVisualStudioVersion = 10.0.40219.1
Project("{FAE04EC0-301F-11D3-BF4B-00C04F79EFBC}") = "RectangleApp", "RectangleApp\RectangleApp.csproj", "{2F137F12-FE1A-4189-83FF-47E2CBBAA37A}"
EndProject
Project("{FAE04EC0-301F-11D3-BF4B-00C04F79EFBC}") = "RectangleApp.Tests", "RectangleApp.Tests\RectangleApp.Tests.csproj", "{152DE3A2-8588-49AE-A9FD-A93070200301}"
EndProject
Global
	GlobalSection(SolutionConfigurationPlatforms) = preSolution
		Debug|Any CPU = Debug|Any CPU
		Debug|x64 = Debug|x64
		Debug|x86 = Debug|x86
		Release|Any CPU = Release|Any CPU
		Release|x64 = Release|x64
		Release|x86 = Release|x86
	EndGlobalSection
	GlobalSection(ProjectConfigurationPlatforms) = postSolution
		{2F137F12-FE1A-4189-83FF-47E2CBBAA37A}.Debug|Any CPU.ActiveCfg = Debug|Any CPU
		{2F137F12-FE1A-4189-83FF-47E2CBBAA37A}.Debug|Any CPU.Build.0 = Debug|Any CPU
		{2F137F12-FE1A-4189-83FF-47E2CBBAA37A}.Debug|x64.ActiveCfg = Debug|Any CPU
		{2F137F12-FE1A-4189-83FF-47E2CBBAA37A}.Debug|x64.Build.0 = Debug|Any CPU
		{2F137F12-FE1A-4189-83FF-47E2CBBAA37A}.Debug|x86.ActiveCfg = Debug|Any CPU
		{2F137F12-FE1A-4189-83FF-47E2CBBAA37A}.Debug|x86.Build.0 = Debug|Any CPU
		{2F137F12-FE1A-4189-83FF-47E2CBBAA37A}.Release|Any CPU.ActiveCfg = Release|Any CPU
		{2F137F12-FE1A-4189-83FF-47E2CBBAA37A}.Release|Any CPU.Build.0 = Release|Any CPU
		{2F137F12-FE1A-4189-83FF-47E2CBBAA37A}.Release|x64.ActiveCfg = Release|Any CPU
		{2F137F12-FE1A-4189-83FF-47E2CBBAA37A}.Release|x64.Build.0 = Release|Any CPU
		{2F137F12-FE1A-4189-83FF-47E2CBBAA37A}.Release|x86.ActiveCfg = Release|Any CPU
		{2F137F12-FE1A-4189-83FF-47E2CBBAA37A}.Release|x86.Build.0 = Release|Any CPU
		{152DE3A2-8588-49AE-A9FD-A93070200301}.Debug|Any CPU.ActiveCfg = Debug|Any CPU
		{152DE3A2-8588-49AE-A9FD-A93070200301}.Debug|Any CPU.Build.0 = Debug|Any CPU
		{152DE3A2-8588-49AE-A9FD-A93070200301}.Debug|x64.ActiveCfg = Debug|Any CPU
		{152DE3A2-8588-49AE-A9FD-A93070200301}.Debug|x64.Build.0 = Debug|Any CPU
		{152DE3A2-8588-49AE-A9FD-A93070200301}.Debug|x86.ActiveCfg = Debug|Any CPU
		{152DE3A2-8588-49AE-A9FD-A93070200301}.Debug|x86.Build.0 = Debug|Any CPU
		{152DE3A2-8588-49AE-A9FD-A93070200301}.Release|Any CPU.ActiveCfg = Release|Any CPU
		{152DE3A2-8588-49AE-A9FD-A93070200301}.Release|Any CPU.Build.0 = Release|Any CPU
		{152DE3A2-8588-49AE-A9FD-A93070200301}.Release|x64.ActiveCfg = Release|Any CPU
		{152DE3A2-8588-49AE-A9FD-A93070200301}.Release|x64.Build.0 = Release|Any CPU
		{152DE3A2-8588-49AE-A9FD-A93070200301}.Release|x86.ActiveCfg = Release|Any CPU
		{152DE3A2-8588-49AE-A9FD-A93070200301}.Release|x86.Build.0 = Release|Any CPU
	EndGlobalSection
	GlobalSection(SolutionProperties) = preSolution
		HideSolutionNode = FALSE
	EndGlobalSection
EndGlobal
