
Microsoft Visual Studio Solution File, Format Version 12.00
# Visual Studio Version 17
VisualStudioVersion = 17.14.36414.22 d17.14
MinimumVisualStudioVersion = 10.0.40219.1
Project("{FAE04EC0-301F-11D3-BF4B-00C04F79EFBC}") = "TextUtils.App", "TextUtils.App.csproj", "{676FEF07-2CB2-DCF4-CC44-B7B6DE74D9C9}"
EndProject
Global
	GlobalSection(SolutionConfigurationPlatforms) = preSolution
		Debug|Any CPU = Debug|Any CPU
		Release|Any CPU = Release|Any CPU
	EndGlobalSection
	GlobalSection(ProjectConfigurationPlatforms) = postSolution
		{676FEF07-2CB2-DCF4-CC44-B7B6DE74D9C9}.Debug|Any CPU.ActiveCfg = Debug|Any CPU
		{676FEF07-2CB2-DCF4-CC44-B7B6DE74D9C9}.Debug|Any CPU.Build.0 = Debug|Any CPU
		{676FEF07-2CB2-DCF4-CC44-B7B6DE74D9C9}.Release|Any CPU.ActiveCfg = Release|Any CPU
		{676FEF07-2CB2-DCF4-CC44-B7B6DE74D9C9}.Release|Any CPU.Build.0 = Release|Any CPU
	EndGlobalSection
	GlobalSection(SolutionProperties) = preSolution
		HideSolutionNode = FALSE
	EndGlobalSection
	GlobalSection(ExtensibilityGlobals) = postSolution
		SolutionGuid = {4CD480F7-D862-4469-BF69-571E0E6B530E}
	EndGlobalSection
EndGlobal
