
Microsoft Visual Studio Solution File, Format Version 12.00
# Visual Studio Version 17
VisualStudioVersion = 17.14.36414.22 d17.14
MinimumVisualStudioVersion = 10.0.40219.1
Project("{FAE04EC0-301F-11D3-BF4B-00C04F79EFBC}") = "project_8_petle_while_2", "project_8_petle_while_2.csproj", "{667AB393-9C0F-40DD-B9DF-25E7D421A7A6}"
EndProject
Global
	GlobalSection(SolutionConfigurationPlatforms) = preSolution
		Debug|Any CPU = Debug|Any CPU
		Release|Any CPU = Release|Any CPU
	EndGlobalSection
	GlobalSection(ProjectConfigurationPlatforms) = postSolution
		{667AB393-9C0F-40DD-B9DF-25E7D421A7A6}.Debug|Any CPU.ActiveCfg = Debug|Any CPU
		{667AB393-9C0F-40DD-B9DF-25E7D421A7A6}.Debug|Any CPU.Build.0 = Debug|Any CPU
		{667AB393-9C0F-40DD-B9DF-25E7D421A7A6}.Release|Any CPU.ActiveCfg = Release|Any CPU
		{667AB393-9C0F-40DD-B9DF-25E7D421A7A6}.Release|Any CPU.Build.0 = Release|Any CPU
	EndGlobalSection
	GlobalSection(SolutionProperties) = preSolution
		HideSolutionNode = FALSE
	EndGlobalSection
	GlobalSection(ExtensibilityGlobals) = postSolution
		SolutionGuid = {4F8E8E4D-766A-49A0-9245-B727E0546DE2}
	EndGlobalSection
EndGlobal
