
Microsoft Visual Studio Solution File, Format Version 12.00
# Visual Studio Version 17
VisualStudioVersion = 17.14.36414.22 d17.14
MinimumVisualStudioVersion = 10.0.40219.1
Project("{FAE04EC0-301F-11D3-BF4B-00C04F79EFBC}") = "project_10_petle", "project_10_petle.csproj", "{83CEB205-9ECB-4078-825D-8C435A50215E}"
EndProject
Global
	GlobalSection(SolutionConfigurationPlatforms) = preSolution
		Debug|Any CPU = Debug|Any CPU
		Release|Any CPU = Release|Any CPU
	EndGlobalSection
	GlobalSection(ProjectConfigurationPlatforms) = postSolution
		{83CEB205-9ECB-4078-825D-8C435A50215E}.Debug|Any CPU.ActiveCfg = Debug|Any CPU
		{83CEB205-9ECB-4078-825D-8C435A50215E}.Debug|Any CPU.Build.0 = Debug|Any CPU
		{83CEB205-9ECB-4078-825D-8C435A50215E}.Release|Any CPU.ActiveCfg = Release|Any CPU
		{83CEB205-9ECB-4078-825D-8C435A50215E}.Release|Any CPU.Build.0 = Release|Any CPU
	EndGlobalSection
	GlobalSection(SolutionProperties) = preSolution
		HideSolutionNode = FALSE
	EndGlobalSection
	GlobalSection(ExtensibilityGlobals) = postSolution
		SolutionGuid = {7BB97AA5-AE09-440C-A71B-87651B82BCE5}
	EndGlobalSection
EndGlobal
